
Microsoft Visual Studio Solution File, Format Version 12.00
# Visual Studio Version 16
VisualStudioVersion = 16.0.29001.49
MinimumVisualStudioVersion = 10.0.40219.1
Project("{FAE04EC0-301F-11D3-BF4B-00C04F79EFBC}") = "moving picture", "moving picture\moving picture.csproj", "{6989ABD5-7C4F-441C-86C5-DA47C7173DD9}"
EndProject
Global
	GlobalSection(SolutionConfigurationPlatforms) = preSolution
		Debug|Any CPU = Debug|Any CPU
		Release|Any CPU = Release|Any CPU
	EndGlobalSection
	GlobalSection(ProjectConfigurationPlatforms) = postSolution
		{6989ABD5-7C4F-441C-86C5-DA47C7173DD9}.Debug|Any CPU.ActiveCfg = Debug|Any CPU
		{6989ABD5-7C4F-441C-86C5-DA47C7173DD9}.Debug|Any CPU.Build.0 = Debug|Any CPU
		{6989ABD5-7C4F-441C-86C5-DA47C7173DD9}.Release|Any CPU.ActiveCfg = Release|Any CPU
		{6989ABD5-7C4F-441C-86C5-DA47C7173DD9}.Release|Any CPU.Build.0 = Release|Any CPU
	EndGlobalSection
	GlobalSection(SolutionProperties) = preSolution
		HideSolutionNode = FALSE
	EndGlobalSection
	GlobalSection(ExtensibilityGlobals) = postSolution
		SolutionGuid = {5E94DCDB-6385-433A-AA1E-DAEA5793863F}
	EndGlobalSection
EndGlobal
